
Microsoft Visual Studio Solution File, Format Version 12.00
# Visual Studio Version 16
VisualStudioVersion = 16.0.31729.503
MinimumVisualStudioVersion = 10.0.40219.1
Project("{FAE04EC0-301F-11D3-BF4B-00C04F79EFBC}") = "TestProject3", "TestProject3\TestProject3.csproj", "{CBFD3009-AA94-40EE-BA46-5E420FEC6876}"
EndProject
Global
	GlobalSection(SolutionConfigurationPlatforms) = preSolution
		Debug|Any CPU = Debug|Any CPU
		Release|Any CPU = Release|Any CPU
	EndGlobalSection
	GlobalSection(ProjectConfigurationPlatforms) = postSolution
		{CBFD3009-AA94-40EE-BA46-5E420FEC6876}.Debug|Any CPU.ActiveCfg = Debug|Any CPU
		{CBFD3009-AA94-40EE-BA46-5E420FEC6876}.Debug|Any CPU.Build.0 = Debug|Any CPU
		{CBFD3009-AA94-40EE-BA46-5E420FEC6876}.Release|Any CPU.ActiveCfg = Release|Any CPU
		{CBFD3009-AA94-40EE-BA46-5E420FEC6876}.Release|Any CPU.Build.0 = Release|Any CPU
	EndGlobalSection
	GlobalSection(SolutionProperties) = preSolution
		HideSolutionNode = FALSE
	EndGlobalSection
	GlobalSection(ExtensibilityGlobals) = postSolution
		SolutionGuid = {820E762B-660F-4BDC-98B2-B9DBB7A3FF3D}
	EndGlobalSection
EndGlobal
